// !$*UTF8*$!
{
	archiveVersion = 1;
	classes = {
	};
	objectVersion = 55;
	objects = {

/* Begin PBXBuildFile section */
		EADBDB24275FA3F100B7103E /* AppDelegate.swift in Sources */ = {isa = PBXBuildFile; fileRef = EADBDB23275FA3F100B7103E /* AppDelegate.swift */; };
		EADBDB26275FA3F100B7103E /* SceneDelegate.swift in Sources */ = {isa = PBXBuildFile; fileRef = EADBDB25275FA3F100B7103E /* SceneDelegate.swift */; };
		EADBDB28275FA3F100B7103E /* ViewController.swift in Sources */ = {isa = PBXBuildFile; fileRef = EADBDB27275FA3F100B7103E /* ViewController.swift */; };
		EADBDB2B275FA3F100B7103E /* Main.storyboard in Resources */ = {isa = PBXBuildFile; fileRef = EADBDB29275FA3F100B7103E /* Main.storyboard */; };
		EADBDB2E275FA3F100B7103E /* Assignment_2.xcdatamodeld in Sources */ = {isa = PBXBuildFile; fileRef = EADBDB2C275FA3F100B7103E /* Assignment_2.xcdatamodeld */; };
		EADBDB30275FA3F300B7103E /* Assets.xcassets in Resources */ = {isa = PBXBuildFile; fileRef = EADBDB2F275FA3F300B7103E /* Assets.xcassets */; };
		EADBDB33275FA3F300B7103E /* LaunchScreen.storyboard in Resources */ = {isa = PBXBuildFile; fileRef = EADBDB31275FA3F300B7103E /* LaunchScreen.storyboard */; };
		EADBDB3B275FAB9F00B7103E /* assignmentDataModel.swift in Sources */ = {isa = PBXBuildFile; fileRef = EADBDB3A275FAB9F00B7103E /* assignmentDataModel.swift */; };
		EADBDB3D275FCDDA00B7103E /* TableViewCell.swift in Sources */ = {isa = PBXBuildFile; fileRef = EADBDB3C275FCDDA00B7103E /* TableViewCell.swift */; };
		EADBDB3F2760069400B7103E /* UoL campus walk.gpx in Resources */ = {isa = PBXBuildFile; fileRef = EADBDB3E2760069400B7103E /* UoL campus walk.gpx */; };
		EADBDB4127603E1300B7103E /* detailsViewController.swift in Sources */ = {isa = PBXBuildFile; fileRef = EADBDB4027603E1300B7103E /* detailsViewController.swift */; };
		EADBDB4327603E4E00B7103E /* transitionViewController.swift in Sources */ = {isa = PBXBuildFile; fileRef = EADBDB4227603E4E00B7103E /* transitionViewController.swift */; };
		EADBDB452760EDE600B7103E /* TransitionTableViewCell.swift in Sources */ = {isa = PBXBuildFile; fileRef = EADBDB442760EDE600B7103E /* TransitionTableViewCell.swift */; };
		EADBDB4827629CD900B7103E /* Artwork+CoreDataClass.swift in Sources */ = {isa = PBXBuildFile; fileRef = EADBDB4627629CD900B7103E /* Artwork+CoreDataClass.swift */; };
		EADBDB4927629CD900B7103E /* Artwork+CoreDataProperties.swift in Sources */ = {isa = PBXBuildFile; fileRef = EADBDB4727629CD900B7103E /* Artwork+CoreDataProperties.swift */; };
		EADBDB4C27630B3500B7103E /* FavouriteArtwork+CoreDataClass.swift in Sources */ = {isa = PBXBuildFile; fileRef = EADBDB4A27630B3500B7103E /* FavouriteArtwork+CoreDataClass.swift */; };
		EADBDB4D27630B3500B7103E /* FavouriteArtwork+CoreDataProperties.swift in Sources */ = {isa = PBXBuildFile; fileRef = EADBDB4B27630B3500B7103E /* FavouriteArtwork+CoreDataProperties.swift */; };
/* End PBXBuildFile section */

/* Begin PBXFileReference section */
		EADBDB20275FA3F100B7103E /* Assignment 2.app */ = {isa = PBXFileReference; explicitFileType = wrapper.application; includeInIndex = 0; path = "Assignment 2.app"; sourceTree = BUILT_PRODUCTS_DIR; };
		EADBDB23275FA3F100B7103E /* AppDelegate.swift */ = {isa = PBXFileReference; lastKnownFileType = sourcecode.swift; path = AppDelegate.swift; sourceTree = "<group>"; };
		EADBDB25275FA3F100B7103E /* SceneDelegate.swift */ = {isa = PBXFileReference; lastKnownFileType = sourcecode.swift; path = SceneDelegate.swift; sourceTree = "<group>"; };
		EADBDB27275FA3F100B7103E /* ViewController.swift */ = {isa = PBXFileReference; lastKnownFileType = sourcecode.swift; path = ViewController.swift; sourceTree = "<group>"; };
		EADBDB2A275FA3F100B7103E /* Base */ = {isa = PBXFileReference; lastKnownFileType = file.storyboard; name = Base; path = Base.lproj/Main.storyboard; sourceTree = "<group>"; };
		EADBDB2D275FA3F100B7103E /* Assignment_2.xcdatamodel */ = {isa = PBXFileReference; lastKnownFileType = wrapper.xcdatamodel; path = Assignment_2.xcdatamodel; sourceTree = "<group>"; };
		EADBDB2F275FA3F300B7103E /* Assets.xcassets */ = {isa = PBXFileReference; lastKnownFileType = folder.assetcatalog; path = Assets.xcassets; sourceTree = "<group>"; };
		EADBDB32275FA3F300B7103E /* Base */ = {isa = PBXFileReference; lastKnownFileType = file.storyboard; name = Base; path = Base.lproj/LaunchScreen.storyboard; sourceTree = "<group>"; };
		EADBDB34275FA3F300B7103E /* Info.plist */ = {isa = PBXFileReference; lastKnownFileType = text.plist.xml; path = Info.plist; sourceTree = "<group>"; };
		EADBDB3A275FAB9F00B7103E /* assignmentDataModel.swift */ = {isa = PBXFileReference; lastKnownFileType = sourcecode.swift; path = assignmentDataModel.swift; sourceTree = "<group>"; };
		EADBDB3C275FCDDA00B7103E /* TableViewCell.swift */ = {isa = PBXFileReference; lastKnownFileType = sourcecode.swift; path = TableViewCell.swift; sourceTree = "<group>"; };
		EADBDB3E2760069400B7103E /* UoL campus walk.gpx */ = {isa = PBXFileReference; fileEncoding = 4; lastKnownFileType = text.xml; name = "UoL campus walk.gpx"; path = "../../../../Downloads/UoL campus walk.gpx"; sourceTree = "<group>"; };
		EADBDB4027603E1300B7103E /* detailsViewController.swift */ = {isa = PBXFileReference; lastKnownFileType = sourcecode.swift; path = detailsViewController.swift; sourceTree = "<group>"; };
		EADBDB4227603E4E00B7103E /* transitionViewController.swift */ = {isa = PBXFileReference; lastKnownFileType = sourcecode.swift; path = transitionViewController.swift; sourceTree = "<group>"; };
		EADBDB442760EDE600B7103E /* TransitionTableViewCell.swift */ = {isa = PBXFileReference; lastKnownFileType = sourcecode.swift; path = TransitionTableViewCell.swift; sourceTree = "<group>"; };
		EADBDB4627629CD900B7103E /* Artwork+CoreDataClass.swift */ = {isa = PBXFileReference; lastKnownFileType = sourcecode.swift; path = "Artwork+CoreDataClass.swift"; sourceTree = "<group>"; };
		EADBDB4727629CD900B7103E /* Artwork+CoreDataProperties.swift */ = {isa = PBXFileReference; lastKnownFileType = sourcecode.swift; path = "Artwork+CoreDataProperties.swift"; sourceTree = "<group>"; };
		EADBDB4A27630B3500B7103E /* FavouriteArtwork+CoreDataClass.swift */ = {isa = PBXFileReference; lastKnownFileType = sourcecode.swift; path = "FavouriteArtwork+CoreDataClass.swift"; sourceTree = "<group>"; };
		EADBDB4B27630B3500B7103E /* FavouriteArtwork+CoreDataProperties.swift */ = {isa = PBXFileReference; lastKnownFileType = sourcecode.swift; path = "FavouriteArtwork+CoreDataProperties.swift"; sourceTree = "<group>"; };
/* End PBXFileReference section */

/* Begin PBXFrameworksBuildPhase section */
		EADBDB1D275FA3F100B7103E /* Frameworks */ = {
			isa = PBXFrameworksBuildPhase;
			buildActionMask = 2147483647;
			files = (
			);
			runOnlyForDeploymentPostprocessing = 0;
		};
/* End PBXFrameworksBuildPhase section */

/* Begin PBXGroup section */
		EADBDB17275FA3F100B7103E = {
			isa = PBXGroup;
			children = (
				EADBDB4A27630B3500B7103E /* FavouriteArtwork+CoreDataClass.swift */,
				EADBDB4B27630B3500B7103E /* FavouriteArtwork+CoreDataProperties.swift */,
				EADBDB4627629CD900B7103E /* Artwork+CoreDataClass.swift */,
				EADBDB4727629CD900B7103E /* Artwork+CoreDataProperties.swift */,
				EADBDB22275FA3F100B7103E /* Assignment 2 */,
				EADBDB21275FA3F100B7103E /* Products */,
			);
			sourceTree = "<group>";
		};
		EADBDB21275FA3F100B7103E /* Products */ = {
			isa = PBXGroup;
			children = (
				EADBDB20275FA3F100B7103E /* Assignment 2.app */,
			);
			name = Products;
			sourceTree = "<group>";
		};
		EADBDB22275FA3F100B7103E /* Assignment 2 */ = {
			isa = PBXGroup;
			children = (
				EADBDB23275FA3F100B7103E /* AppDelegate.swift */,
				EADBDB25275FA3F100B7103E /* SceneDelegate.swift */,
				EADBDB27275FA3F100B7103E /* ViewController.swift */,
				EADBDB3C275FCDDA00B7103E /* TableViewCell.swift */,
				EADBDB442760EDE600B7103E /* TransitionTableViewCell.swift */,
				EADBDB3A275FAB9F00B7103E /* assignmentDataModel.swift */,
				EADBDB29275FA3F100B7103E /* Main.storyboard */,
				EADBDB4227603E4E00B7103E /* transitionViewController.swift */,
				EADBDB4027603E1300B7103E /* detailsViewController.swift */,
				EADBDB2F275FA3F300B7103E /* Assets.xcassets */,
				EADBDB31275FA3F300B7103E /* LaunchScreen.storyboard */,
				EADBDB34275FA3F300B7103E /* Info.plist */,
				EADBDB2C275FA3F100B7103E /* Assignment_2.xcdatamodeld */,
				EADBDB3E2760069400B7103E /* UoL campus walk.gpx */,
			);
			path = "Assignment 2";
			sourceTree = "<group>";
		};
/* End PBXGroup section */

/* Begin PBXNativeTarget section */
		EADBDB1F275FA3F100B7103E /* Assignment 2 */ = {
			isa = PBXNativeTarget;
			buildConfigurationList = EADBDB37275FA3F300B7103E /* Build configuration list for PBXNativeTarget "Assignment 2" */;
			buildPhases = (
				EADBDB1C275FA3F100B7103E /* Sources */,
				EADBDB1D275FA3F100B7103E /* Frameworks */,
				EADBDB1E275FA3F100B7103E /* Resources */,
			);
			buildRules = (
			);
			dependencies = (
			);
			name = "Assignment 2";
			productName = "Assignment 2";
			productReference = EADBDB20275FA3F100B7103E /* Assignment 2.app */;
			productType = "com.apple.product-type.application";
		};
/* End PBXNativeTarget section */

/* Begin PBXProject section */
		EADBDB18275FA3F100B7103E /* Project object */ = {
			isa = PBXProject;
			attributes = {
				BuildIndependentTargetsInParallel = 1;
				LastSwiftUpdateCheck = 1300;
				LastUpgradeCheck = 1300;
				TargetAttributes = {
					EADBDB1F275FA3F100B7103E = {
						CreatedOnToolsVersion = 13.0;
					};
				};
			};
			buildConfigurationList = EADBDB1B275FA3F100B7103E /* Build configuration list for PBXProject "Assignment 2" */;
			compatibilityVersion = "Xcode 13.0";
			developmentRegion = en;
			hasScannedForEncodings = 0;
			knownRegions = (
				en,
				Base,
			);
			mainGroup = EADBDB17275FA3F100B7103E;
			productRefGroup = EADBDB21275FA3F100B7103E /* Products */;
			projectDirPath = "";
			projectRoot = "";
			targets = (
				EADBDB1F275FA3F100B7103E /* Assignment 2 */,
			);
		};
/* End PBXProject section */

/* Begin PBXResourcesBuildPhase section */
		EADBDB1E275FA3F100B7103E /* Resources */ = {
			isa = PBXResourcesBuildPhase;
			buildActionMask = 2147483647;
			files = (
				EADBDB3F2760069400B7103E /* UoL campus walk.gpx in Resources */,
				EADBDB33275FA3F300B7103E /* LaunchScreen.storyboard in Resources */,
				EADBDB30275FA3F300B7103E /* Assets.xcassets in Resources */,
				EADBDB2B275FA3F100B7103E /* Main.storyboard in Resources */,
			);
			runOnlyForDeploymentPostprocessing = 0;
		};
/* End PBXResourcesBuildPhase section */

/* Begin PBXSourcesBuildPhase section */
		EADBDB1C275FA3F100B7103E /* Sources */ = {
			isa = PBXSourcesBuildPhase;
			buildActionMask = 2147483647;
			files = (
				EADBDB452760EDE600B7103E /* TransitionTableViewCell.swift in Sources */,
				EADBDB4D27630B3500B7103E /* FavouriteArtwork+CoreDataProperties.swift in Sources */,
				EADBDB28275FA3F100B7103E /* ViewController.swift in Sources */,
				EADBDB24275FA3F100B7103E /* AppDelegate.swift in Sources */,
				EADBDB4927629CD900B7103E /* Artwork+CoreDataProperties.swift in Sources */,
				EADBDB4127603E1300B7103E /* detailsViewController.swift in Sources */,
				EADBDB4327603E4E00B7103E /* transitionViewController.swift in Sources */,
				EADBDB26275FA3F100B7103E /* SceneDelegate.swift in Sources */,
				EADBDB4827629CD900B7103E /* Artwork+CoreDataClass.swift in Sources */,
				EADBDB3D275FCDDA00B7103E /* TableViewCell.swift in Sources */,
				EADBDB2E275FA3F100B7103E /* Assignment_2.xcdatamodeld in Sources */,
				EADBDB4C27630B3500B7103E /* FavouriteArtwork+CoreDataClass.swift in Sources */,
				EADBDB3B275FAB9F00B7103E /* assignmentDataModel.swift in Sources */,
			);
			runOnlyForDeploymentPostprocessing = 0;
		};
/* End PBXSourcesBuildPhase section */

/* Begin PBXVariantGroup section */
		EADBDB29275FA3F100B7103E /* Main.storyboard */ = {
			isa = PBXVariantGroup;
			children = (
				EADBDB2A275FA3F100B7103E /* Base */,
			);
			name = Main.storyboard;
			sourceTree = "<group>";
		};
		EADBDB31275FA3F300B7103E /* LaunchScreen.storyboard */ = {
			isa = PBXVariantGroup;
			children = (
				EADBDB32275FA3F300B7103E /* Base */,
			);
			name = LaunchScreen.storyboard;
			sourceTree = "<group>";
		};
/* End PBXVariantGroup section */

/* Begin XCBuildConfiguration section */
		EADBDB35275FA3F300B7103E /* Debug */ = {
			isa = XCBuildConfiguration;
			buildSettings = {
				ALWAYS_SEARCH_USER_PATHS = NO;
				CLANG_ANALYZER_NONNULL = YES;
				CLANG_ANALYZER_NUMBER_OBJECT_CONVERSION = YES_AGGRESSIVE;
				CLANG_CXX_LANGUAGE_STANDARD = "gnu++17";
				CLANG_CXX_LIBRARY = "libc++";
				CLANG_ENABLE_MODULES = YES;
				CLANG_ENABLE_OBJC_ARC = YES;
				CLANG_ENABLE_OBJC_WEAK = YES;
				CLANG_WARN_BLOCK_CAPTURE_AUTORELEASING = YES;
				CLANG_WARN_BOOL_CONVERSION = YES;
				CLANG_WARN_COMMA = YES;
				CLANG_WARN_CONSTANT_CONVERSION = YES;
				CLANG_WARN_DEPRECATED_OBJC_IMPLEMENTATIONS = YES;
				CLANG_WARN_DIRECT_OBJC_ISA_USAGE = YES_ERROR;
				CLANG_WARN_DOCUMENTATION_COMMENTS = YES;
				CLANG_WARN_EMPTY_BODY = YES;
				CLANG_WARN_ENUM_CONVERSION = YES;
				CLANG_WARN_INFINITE_RECURSION = YES;
				CLANG_WARN_INT_CONVERSION = YES;
				CLANG_WARN_NON_LITERAL_NULL_CONVERSION = YES;
				CLANG_WARN_OBJC_IMPLICIT_RETAIN_SELF = YES;
				CLANG_WARN_OBJC_LITERAL_CONVERSION = YES;
				CLANG_WARN_OBJC_ROOT_CLASS = YES_ERROR;
				CLANG_WARN_QUOTED_INCLUDE_IN_FRAMEWORK_HEADER = YES;
				CLANG_WARN_RANGE_LOOP_ANALYSIS = YES;
				CLANG_WARN_STRICT_PROTOTYPES = YES;
				CLANG_WARN_SUSPICIOUS_MOVE = YES;
				CLANG_WARN_UNGUARDED_AVAILABILITY = YES_AGGRESSIVE;
				CLANG_WARN_UNREACHABLE_CODE = YES;
				CLANG_WARN__DUPLICATE_METHOD_MATCH = YES;
				COPY_PHASE_STRIP = NO;
				DEBUG_INFORMATION_FORMAT = dwarf;
				ENABLE_STRICT_OBJC_MSGSEND = YES;
				ENABLE_TESTABILITY = YES;
				GCC_C_LANGUAGE_STANDARD = gnu11;
				GCC_DYNAMIC_NO_PIC = NO;
				GCC_NO_COMMON_BLOCKS = YES;
				GCC_OPTIMIZATION_LEVEL = 0;
				GCC_PREPROCESSOR_DEFINITIONS = (
					"DEBUG=1",
					"$(inherited)",
				);
				GCC_WARN_64_TO_32_BIT_CONVERSION = YES;
				GCC_WARN_ABOUT_RETURN_TYPE = YES_ERROR;
				GCC_WARN_UNDECLARED_SELECTOR = YES;
				GCC_WARN_UNINITIALIZED_AUTOS = YES_AGGRESSIVE;
				GCC_WARN_UNUSED_FUNCTION = YES;
				GCC_WARN_UNUSED_VARIABLE = YES;
				IPHONEOS_DEPLOYMENT_TARGET = 15.0;
				MTL_ENABLE_DEBUG_INFO = INCLUDE_SOURCE;
				MTL_FAST_MATH = YES;
				ONLY_ACTIVE_ARCH = YES;
				SDKROOT = iphoneos;
				SWIFT_ACTIVE_COMPILATION_CONDITIONS = DEBUG;
				SWIFT_OPTIMIZATION_LEVEL = "-Onone";
			};
			name = Debug;
		};
		EADBDB36275FA3F300B7103E /* Release */ = {
			isa = XCBuildConfiguration;
			buildSettings = {
				ALWAYS_SEARCH_USER_PATHS = NO;
				CLANG_ANALYZER_NONNULL = YES;
				CLANG_ANALYZER_NUMBER_OBJECT_CONVERSION = YES_AGGRESSIVE;
				CLANG_CXX_LANGUAGE_STANDARD = "gnu++17";
				CLANG_CXX_LIBRARY = "libc++";
				CLANG_ENABLE_MODULES = YES;
				CLANG_ENABLE_OBJC_ARC = YES;
				CLANG_ENABLE_OBJC_WEAK = YES;
				CLANG_WARN_BLOCK_CAPTURE_AUTORELEASING = YES;
				CLANG_WARN_BOOL_CONVERSION = YES;
				CLANG_WARN_COMMA = YES;
				CLANG_WARN_CONSTANT_CONVERSION = YES;
				CLANG_WARN_DEPRECATED_OBJC_IMPLEMENTATIONS = YES;
				CLANG_WARN_DIRECT_OBJC_ISA_USAGE = YES_ERROR;
				CLANG_WARN_DOCUMENTATION_COMMENTS = YES;
				CLANG_WARN_EMPTY_BODY = YES;
				CLANG_WARN_ENUM_CONVERSION = YES;
				CLANG_WARN_INFINITE_RECURSION = YES;
				CLANG_WARN_INT_CONVERSION = YES;
				CLANG_WARN_NON_LITERAL_NULL_CONVERSION = YES;
				CLANG_WARN_OBJC_IMPLICIT_RETAIN_SELF = YES;
				CLANG_WARN_OBJC_LITERAL_CONVERSION = YES;
				CLANG_WARN_OBJC_ROOT_CLASS = YES_ERROR;
				CLANG_WARN_QUOTED_INCLUDE_IN_FRAMEWORK_HEADER = YES;
				CLANG_WARN_RANGE_LOOP_ANALYSIS = YES;
				CLANG_WARN_STRICT_PROTOTYPES = YES;
				CLANG_WARN_SUSPICIOUS_MOVE = YES;
				CLANG_WARN_UNGUARDED_AVAILABILITY = YES_AGGRESSIVE;
				CLANG_WARN_UNREACHABLE_CODE = YES;
				CLANG_WARN__DUPLICATE_METHOD_MATCH = YES;
				COPY_PHASE_STRIP = NO;
				DEBUG_INFORMATION_FORMAT = "dwarf-with-dsym";
				ENABLE_NS_ASSERTIONS = NO;
				ENABLE_STRICT_OBJC_MSGSEND = YES;
				GCC_C_LANGUAGE_STANDARD = gnu11;
				GCC_NO_COMMON_BLOCKS = YES;
				GCC_WARN_64_TO_32_BIT_CONVERSION = YES;
				GCC_WARN_ABOUT_RETURN_TYPE = YES_ERROR;
				GCC_WARN_UNDECLARED_SELECTOR = YES;
				GCC_WARN_UNINITIALIZED_AUTOS = YES_AGGRESSIVE;
				GCC_WARN_UNUSED_FUNCTION = YES;
				GCC_WARN_UNUSED_VARIABLE = YES;
				IPHONEOS_DEPLOYMENT_TARGET = 15.0;
				MTL_ENABLE_DEBUG_INFO = NO;
				MTL_FAST_MATH = YES;
				SDKROOT = iphoneos;
				SWIFT_COMPILATION_MODE = wholemodule;
				SWIFT_OPTIMIZATION_LEVEL = "-O";
				VALIDATE_PRODUCT = YES;
			};
			name = Release;
		};
		EADBDB38275FA3F300B7103E /* Debug */ = {
			isa = XCBuildConfiguration;
			buildSettings = {
				ASSETCATALOG_COMPILER_APPICON_NAME = AppIcon;
				ASSETCATALOG_COMPILER_GLOBAL_ACCENT_COLOR_NAME = AccentColor;
				CODE_SIGN_STYLE = Automatic;
				CURRENT_PROJECT_VERSION = 1;
				GENERATE_INFOPLIST_FILE = YES;
				INFOPLIST_FILE = "Assignment 2/Info.plist";
				INFOPLIST_KEY_UIApplicationSupportsIndirectInputEvents = YES;
				INFOPLIST_KEY_UILaunchStoryboardName = LaunchScreen;
				INFOPLIST_KEY_UIMainStoryboardFile = Main;
				INFOPLIST_KEY_UISupportedInterfaceOrientations_iPad = "UIInterfaceOrientationPortrait UIInterfaceOrientationPortraitUpsideDown UIInterfaceOrientationLandscapeLeft UIInterfaceOrientationLandscapeRight";
				INFOPLIST_KEY_UISupportedInterfaceOrientations_iPhone = "UIInterfaceOrientationPortrait UIInterfaceOrientationLandscapeLeft UIInterfaceOrientationLandscapeRight";
				LD_RUNPATH_SEARCH_PATHS = (
					"$(inherited)",
					"@executable_path/Frameworks",
				);
				MARKETING_VERSION = 1.0;
				PRODUCT_BUNDLE_IDENTIFIER = "com.Robert.Onuma.Assignment-2";
				PRODUCT_NAME = "$(TARGET_NAME)";
				SWIFT_EMIT_LOC_STRINGS = YES;
				SWIFT_VERSION = 5.0;
				TARGETED_DEVICE_FAMILY = "1,2";
			};
			name = Debug;
		};
		EADBDB39275FA3F300B7103E /* Release */ = {
			isa = XCBuildConfiguration;
			buildSettings = {
				ASSETCATALOG_COMPILER_APPICON_NAME = AppIcon;
				ASSETCATALOG_COMPILER_GLOBAL_ACCENT_COLOR_NAME = AccentColor;
				CODE_SIGN_STYLE = Automatic;
				CURRENT_PROJECT_VERSION = 1;
				GENERATE_INFOPLIST_FILE = YES;
				INFOPLIST_FILE = "Assignment 2/Info.plist";
				INFOPLIST_KEY_UIApplicationSupportsIndirectInputEvents = YES;
				INFOPLIST_KEY_UILaunchStoryboardName = LaunchScreen;
				INFOPLIST_KEY_UIMainStoryboardFile = Main;
				INFOPLIST_KEY_UISupportedInterfaceOrientations_iPad = "UIInterfaceOrientationPortrait UIInterfaceOrientationPortraitUpsideDown UIInterfaceOrientationLandscapeLeft UIInterfaceOrientationLandscapeRight";
				INFOPLIST_KEY_UISupportedInterfaceOrientations_iPhone = "UIInterfaceOrientationPortrait UIInterfaceOrientationLandscapeLeft UIInterfaceOrientationLandscapeRight";
				LD_RUNPATH_SEARCH_PATHS = (
					"$(inherited)",
					"@executable_path/Frameworks",
				);
				MARKETING_VERSION = 1.0;
				PRODUCT_BUNDLE_IDENTIFIER = "com.Robert.Onuma.Assignment-2";
				PRODUCT_NAME = "$(TARGET_NAME)";
				SWIFT_EMIT_LOC_STRINGS = YES;
				SWIFT_VERSION = 5.0;
				TARGETED_DEVICE_FAMILY = "1,2";
			};
			name = Release;
		};
/* End XCBuildConfiguration section */

/* Begin XCConfigurationList section */
		EADBDB1B275FA3F100B7103E /* Build configuration list for PBXProject "Assignment 2" */ = {
			isa = XCConfigurationList;
			buildConfigurations = (
				EADBDB35275FA3F300B7103E /* Debug */,
				EADBDB36275FA3F300B7103E /* Release */,
			);
			defaultConfigurationIsVisible = 0;
			defaultConfigurationName = Release;
		};
		EADBDB37275FA3F300B7103E /* Build configuration list for PBXNativeTarget "Assignment 2" */ = {
			isa = XCConfigurationList;
			buildConfigurations = (
				EADBDB38275FA3F300B7103E /* Debug */,
				EADBDB39275FA3F300B7103E /* Release */,
			);
			defaultConfigurationIsVisible = 0;
			defaultConfigurationName = Release;
		};
/* End XCConfigurationList section */

/* Begin XCVersionGroup section */
		EADBDB2C275FA3F100B7103E /* Assignment_2.xcdatamodeld */ = {
			isa = XCVersionGroup;
			children = (
				EADBDB2D275FA3F100B7103E /* Assignment_2.xcdatamodel */,
			);
			currentVersion = EADBDB2D275FA3F100B7103E /* Assignment_2.xcdatamodel */;
			path = Assignment_2.xcdatamodeld;
			sourceTree = "<group>";
			versionGroupType = wrapper.xcdatamodel;
		};
/* End XCVersionGroup section */
	};
	rootObject = EADBDB18275FA3F100B7103E /* Project object */;
}
